
Microsoft Visual Studio Solution File, Format Version 12.00
# Visual Studio Version 16
VisualStudioVersion = 16.0.29728.190
MinimumVisualStudioVersion = 10.0.40219.1
Project("{9A19103F-16F7-4668-BE54-9A1E7A4F7556}") = "AsyncDataAdapter", "AsyncDataAdapter\AsyncDataAdapter.csproj", "{0384745D-0E1D-4F87-A24E-2CF5762FAAB1}"
EndProject
Project("{2150E333-8FDC-42A3-9474-1A3956D46DE8}") = "Solution Items", "Solution Items", "{366B2040-653C-4536-86F6-7A8B8765D6AF}"
	ProjectSection(SolutionItems) = preProject
		.editorconfig = .editorconfig
		.gitignore = .gitignore
		appveyor.yml = appveyor.yml
		AsyncDataAdapter.msbuild = AsyncDataAdapter.msbuild
		DbSetup.sql = DbSetup.sql
		LICENSE = LICENSE
		Properties.xml = Properties.xml
		README.md = README.md
	EndProjectSection
EndProject
Project("{9A19103F-16F7-4668-BE54-9A1E7A4F7556}") = "AsyncDataAdapter.Tests", "AsyncDataAdapter.Tests\AsyncDataAdapter.Tests.csproj", "{F53AB0CC-DFBC-4D41-A0E6-B670FDABF67A}"
EndProject
Project("{9A19103F-16F7-4668-BE54-9A1E7A4F7556}") = "AsyncDataAdapter.Microsoft.Data.SqlClient", "AsyncDataAdapter.Microsoft.Data.SqlClient\AsyncDataAdapter.Microsoft.Data.SqlClient.csproj", "{C3734C27-227B-4CB1-9D5C-5930885A37DE}"
EndProject
Project("{9A19103F-16F7-4668-BE54-9A1E7A4F7556}") = "AsyncDataAdapter.System.Data.SqlClient", "AsyncDataAdapter.System.Data.SqlClient\AsyncDataAdapter.System.Data.SqlClient.csproj", "{FD614642-CD23-4B1A-B5FC-3F5E28EB29E9}"
EndProject
Global
	GlobalSection(SolutionConfigurationPlatforms) = preSolution
		Debug|Any CPU = Debug|Any CPU
		Release|Any CPU = Release|Any CPU
	EndGlobalSection
	GlobalSection(ProjectConfigurationPlatforms) = postSolution
		{0384745D-0E1D-4F87-A24E-2CF5762FAAB1}.Debug|Any CPU.ActiveCfg = Debug|Any CPU
		{0384745D-0E1D-4F87-A24E-2CF5762FAAB1}.Debug|Any CPU.Build.0 = Debug|Any CPU
		{0384745D-0E1D-4F87-A24E-2CF5762FAAB1}.Release|Any CPU.ActiveCfg = Release|Any CPU
		{0384745D-0E1D-4F87-A24E-2CF5762FAAB1}.Release|Any CPU.Build.0 = Release|Any CPU
		{F53AB0CC-DFBC-4D41-A0E6-B670FDABF67A}.Debug|Any CPU.ActiveCfg = Debug|Any CPU
		{F53AB0CC-DFBC-4D41-A0E6-B670FDABF67A}.Debug|Any CPU.Build.0 = Debug|Any CPU
		{F53AB0CC-DFBC-4D41-A0E6-B670FDABF67A}.Release|Any CPU.ActiveCfg = Release|Any CPU
		{F53AB0CC-DFBC-4D41-A0E6-B670FDABF67A}.Release|Any CPU.Build.0 = Release|Any CPU
		{C3734C27-227B-4CB1-9D5C-5930885A37DE}.Debug|Any CPU.ActiveCfg = Debug|Any CPU
		{C3734C27-227B-4CB1-9D5C-5930885A37DE}.Debug|Any CPU.Build.0 = Debug|Any CPU
		{C3734C27-227B-4CB1-9D5C-5930885A37DE}.Release|Any CPU.ActiveCfg = Release|Any CPU
		{C3734C27-227B-4CB1-9D5C-5930885A37DE}.Release|Any CPU.Build.0 = Release|Any CPU
		{FD614642-CD23-4B1A-B5FC-3F5E28EB29E9}.Debug|Any CPU.ActiveCfg = Debug|Any CPU
		{FD614642-CD23-4B1A-B5FC-3F5E28EB29E9}.Debug|Any CPU.Build.0 = Debug|Any CPU
		{FD614642-CD23-4B1A-B5FC-3F5E28EB29E9}.Release|Any CPU.ActiveCfg = Release|Any CPU
		{FD614642-CD23-4B1A-B5FC-3F5E28EB29E9}.Release|Any CPU.Build.0 = Release|Any CPU
	EndGlobalSection
	GlobalSection(SolutionProperties) = preSolution
		HideSolutionNode = FALSE
	EndGlobalSection
	GlobalSection(ExtensibilityGlobals) = postSolution
		SolutionGuid = {ABB37006-C016-409A-88C0-B3E06924773D}
	EndGlobalSection
EndGlobal
